
Microsoft Visual Studio Solution File, Format Version 12.00
# Visual Studio Version 17
VisualStudioVersion = 17.3.32901.215
MinimumVisualStudioVersion = 10.0.40219.1
Project("{9A19103F-16F7-4668-BE54-9A1E7A4F7556}") = "FerreInvetAPI", "FerreInvetAPI\FerreInvetAPI.csproj", "{95926799-CF32-45FD-8671-6AB5EFEEE562}"
EndProject
Project("{2150E333-8FDC-42A3-9474-1A3956D46DE8}") = "Presentation", "Presentation", "{346D2804-FED2-457A-A32C-EBDC2D2C7302}"
EndProject
Project("{2150E333-8FDC-42A3-9474-1A3956D46DE8}") = "Infratruture", "Infratruture", "{CF0C5294-3F48-41CD-A253-56786FBEA47E}"
EndProject
Project("{2150E333-8FDC-42A3-9474-1A3956D46DE8}") = "Core", "Core", "{2F50E18C-BB26-40D8-B229-0E1DFB7CDB4E}"
EndProject
Project("{2150E333-8FDC-42A3-9474-1A3956D46DE8}") = "Source", "Source", "{0EED760B-B328-4240-A36A-BB229DA5B048}"
EndProject
Project("{2150E333-8FDC-42A3-9474-1A3956D46DE8}") = "WebApi", "WebApi", "{BB73865E-3358-4146-A3B4-3073A1AC3175}"
EndProject
Project("{FAE04EC0-301F-11D3-BF4B-00C04F79EFBC}") = "Source.Infraestructure.Persistence", "Source.Infraestructure.Persistence\Source.Infraestructure.Persistence.csproj", "{3F3C6DBA-8F22-4A56-B618-F270AE722DF3}"
EndProject
Project("{FAE04EC0-301F-11D3-BF4B-00C04F79EFBC}") = "Source.Core.Application", "Source.Core.Application\Source.Core.Application.csproj", "{AB4DD2E6-4CF3-4BE0-8A7E-933D3FBED439}"
EndProject
Project("{FAE04EC0-301F-11D3-BF4B-00C04F79EFBC}") = "Source.Core.Domain", "Source.Core.Domain\Source.Core.Domain.csproj", "{C694E2D0-C8F7-41E3-ACBD-4FD184F0A462}"
EndProject
Global
	GlobalSection(SolutionConfigurationPlatforms) = preSolution
		Debug|Any CPU = Debug|Any CPU
		Release|Any CPU = Release|Any CPU
	EndGlobalSection
	GlobalSection(ProjectConfigurationPlatforms) = postSolution
		{95926799-CF32-45FD-8671-6AB5EFEEE562}.Debug|Any CPU.ActiveCfg = Debug|Any CPU
		{95926799-CF32-45FD-8671-6AB5EFEEE562}.Debug|Any CPU.Build.0 = Debug|Any CPU
		{95926799-CF32-45FD-8671-6AB5EFEEE562}.Release|Any CPU.ActiveCfg = Release|Any CPU
		{95926799-CF32-45FD-8671-6AB5EFEEE562}.Release|Any CPU.Build.0 = Release|Any CPU
		{3F3C6DBA-8F22-4A56-B618-F270AE722DF3}.Debug|Any CPU.ActiveCfg = Debug|Any CPU
		{3F3C6DBA-8F22-4A56-B618-F270AE722DF3}.Debug|Any CPU.Build.0 = Debug|Any CPU
		{3F3C6DBA-8F22-4A56-B618-F270AE722DF3}.Release|Any CPU.ActiveCfg = Release|Any CPU
		{3F3C6DBA-8F22-4A56-B618-F270AE722DF3}.Release|Any CPU.Build.0 = Release|Any CPU
		{AB4DD2E6-4CF3-4BE0-8A7E-933D3FBED439}.Debug|Any CPU.ActiveCfg = Debug|Any CPU
		{AB4DD2E6-4CF3-4BE0-8A7E-933D3FBED439}.Debug|Any CPU.Build.0 = Debug|Any CPU
		{AB4DD2E6-4CF3-4BE0-8A7E-933D3FBED439}.Release|Any CPU.ActiveCfg = Release|Any CPU
		{AB4DD2E6-4CF3-4BE0-8A7E-933D3FBED439}.Release|Any CPU.Build.0 = Release|Any CPU
		{C694E2D0-C8F7-41E3-ACBD-4FD184F0A462}.Debug|Any CPU.ActiveCfg = Debug|Any CPU
		{C694E2D0-C8F7-41E3-ACBD-4FD184F0A462}.Debug|Any CPU.Build.0 = Debug|Any CPU
		{C694E2D0-C8F7-41E3-ACBD-4FD184F0A462}.Release|Any CPU.ActiveCfg = Release|Any CPU
		{C694E2D0-C8F7-41E3-ACBD-4FD184F0A462}.Release|Any CPU.Build.0 = Release|Any CPU
	EndGlobalSection
	GlobalSection(SolutionProperties) = preSolution
		HideSolutionNode = FALSE
	EndGlobalSection
	GlobalSection(NestedProjects) = preSolution
		{95926799-CF32-45FD-8671-6AB5EFEEE562} = {BB73865E-3358-4146-A3B4-3073A1AC3175}
		{346D2804-FED2-457A-A32C-EBDC2D2C7302} = {0EED760B-B328-4240-A36A-BB229DA5B048}
		{CF0C5294-3F48-41CD-A253-56786FBEA47E} = {0EED760B-B328-4240-A36A-BB229DA5B048}
		{2F50E18C-BB26-40D8-B229-0E1DFB7CDB4E} = {0EED760B-B328-4240-A36A-BB229DA5B048}
		{BB73865E-3358-4146-A3B4-3073A1AC3175} = {346D2804-FED2-457A-A32C-EBDC2D2C7302}
		{3F3C6DBA-8F22-4A56-B618-F270AE722DF3} = {CF0C5294-3F48-41CD-A253-56786FBEA47E}
		{AB4DD2E6-4CF3-4BE0-8A7E-933D3FBED439} = {2F50E18C-BB26-40D8-B229-0E1DFB7CDB4E}
		{C694E2D0-C8F7-41E3-ACBD-4FD184F0A462} = {2F50E18C-BB26-40D8-B229-0E1DFB7CDB4E}
	EndGlobalSection
	GlobalSection(ExtensibilityGlobals) = postSolution
		SolutionGuid = {8643FFF1-7664-4E2B-B8E8-09C0281BDBFF}
	EndGlobalSection
EndGlobal
